
Microsoft Visual Studio Solution File, Format Version 12.00
# Visual Studio Version 17
VisualStudioVersion = 17.4.33110.190
MinimumVisualStudioVersion = 10.0.40219.1
Project("{FAE04EC0-301F-11D3-BF4B-00C04F79EFBC}") = "swe", "swe\swe.csproj", "{95FC8EA8-78BC-49A0-B6F7-598BC199F4A7}"
EndProject
Global
	GlobalSection(SolutionConfigurationPlatforms) = preSolution
		Debug|Any CPU = Debug|Any CPU
		Release|Any CPU = Release|Any CPU
	EndGlobalSection
	GlobalSection(ProjectConfigurationPlatforms) = postSolution
		{95FC8EA8-78BC-49A0-B6F7-598BC199F4A7}.Debug|Any CPU.ActiveCfg = Debug|Any CPU
		{95FC8EA8-78BC-49A0-B6F7-598BC199F4A7}.Debug|Any CPU.Build.0 = Debug|Any CPU
		{95FC8EA8-78BC-49A0-B6F7-598BC199F4A7}.Release|Any CPU.ActiveCfg = Release|Any CPU
		{95FC8EA8-78BC-49A0-B6F7-598BC199F4A7}.Release|Any CPU.Build.0 = Release|Any CPU
	EndGlobalSection
	GlobalSection(SolutionProperties) = preSolution
		HideSolutionNode = FALSE
	EndGlobalSection
	GlobalSection(ExtensibilityGlobals) = postSolution
		SolutionGuid = {4E82BD2A-A25D-4B6C-857C-2FD4CFA432E7}
	EndGlobalSection
EndGlobal
